
Microsoft Visual Studio Solution File, Format Version 12.00
# Visual Studio 15
VisualStudioVersion = 15.0.27428.2037
MinimumVisualStudioVersion = 10.0.40219.1
Project("{FAE04EC0-301F-11D3-BF4B-00C04F79EFBC}") = "BMI.WPF", "BMI.WPF\BMI.WPF.csproj", "{A79E238B-2BA6-4E37-A432-DCD43A4D6C81}"
EndProject
Global
	GlobalSection(SolutionConfigurationPlatforms) = preSolution
		Debug|Any CPU = Debug|Any CPU
		Release|Any CPU = Release|Any CPU
	EndGlobalSection
	GlobalSection(ProjectConfigurationPlatforms) = postSolution
		{A79E238B-2BA6-4E37-A432-DCD43A4D6C81}.Debug|Any CPU.ActiveCfg = Debug|Any CPU
		{A79E238B-2BA6-4E37-A432-DCD43A4D6C81}.Debug|Any CPU.Build.0 = Debug|Any CPU
		{A79E238B-2BA6-4E37-A432-DCD43A4D6C81}.Release|Any CPU.ActiveCfg = Release|Any CPU
		{A79E238B-2BA6-4E37-A432-DCD43A4D6C81}.Release|Any CPU.Build.0 = Release|Any CPU
	EndGlobalSection
	GlobalSection(SolutionProperties) = preSolution
		HideSolutionNode = FALSE
	EndGlobalSection
	GlobalSection(ExtensibilityGlobals) = postSolution
		SolutionGuid = {E691324B-85BC-4BF8-9135-4F43DC26CBD5}
	EndGlobalSection
EndGlobal
